// !$*UTF8*$!
{
	archiveVersion = 1;
	classes = {
	};
	objectVersion = 50;
	objects = {

/* Begin PBXBuildFile section */
		F7E804E32329D62C002C03E9 /* AppDelegate.m in Sources */ = {isa = PBXBuildFile; fileRef = F7E804E22329D62C002C03E9 /* AppDelegate.m */; };
		F7E804E62329D62C002C03E9 /* ViewController.m in Sources */ = {isa = PBXBuildFile; fileRef = F7E804E52329D62C002C03E9 /* ViewController.m */; };
		F7E804E92329D62C002C03E9 /* Main.storyboard in Resources */ = {isa = PBXBuildFile; fileRef = F7E804E72329D62C002C03E9 /* Main.storyboard */; };
		F7E804EB2329D630002C03E9 /* Assets.xcassets in Resources */ = {isa = PBXBuildFile; fileRef = F7E804EA2329D630002C03E9 /* Assets.xcassets */; };
		F7E804EE2329D630002C03E9 /* LaunchScreen.storyboard in Resources */ = {isa = PBXBuildFile; fileRef = F7E804EC2329D630002C03E9 /* LaunchScreen.storyboard */; };
		F7E804F12329D630002C03E9 /* main.m in Sources */ = {isa = PBXBuildFile; fileRef = F7E804F02329D630002C03E9 /* main.m */; };
		F7E804FB2329D631002C03E9 /* movieSearchTests.m in Sources */ = {isa = PBXBuildFile; fileRef = F7E804FA2329D631002C03E9 /* movieSearchTests.m */; };
		F7E805062329D631002C03E9 /* movieSearchUITests.m in Sources */ = {isa = PBXBuildFile; fileRef = F7E805052329D631002C03E9 /* movieSearchUITests.m */; };
		F7E805192329DFA1002C03E9 /* TableViewCell.m in Sources */ = {isa = PBXBuildFile; fileRef = F7E805172329DFA1002C03E9 /* TableViewCell.m */; };
		F7E8051A2329DFA1002C03E9 /* TableViewCell.xib in Resources */ = {isa = PBXBuildFile; fileRef = F7E805182329DFA1002C03E9 /* TableViewCell.xib */; };
/* End PBXBuildFile section */

/* Begin PBXContainerItemProxy section */
		F7E804F72329D631002C03E9 /* PBXContainerItemProxy */ = {
			isa = PBXContainerItemProxy;
			containerPortal = F7E804D62329D62C002C03E9 /* Project object */;
			proxyType = 1;
			remoteGlobalIDString = F7E804DD2329D62C002C03E9;
			remoteInfo = movieSearch;
		};
		F7E805022329D631002C03E9 /* PBXContainerItemProxy */ = {
			isa = PBXContainerItemProxy;
			containerPortal = F7E804D62329D62C002C03E9 /* Project object */;
			proxyType = 1;
			remoteGlobalIDString = F7E804DD2329D62C002C03E9;
			remoteInfo = movieSearch;
		};
/* End PBXContainerItemProxy section */

/* Begin PBXFileReference section */
		F7E804DE2329D62C002C03E9 /* movieSearch.app */ = {isa = PBXFileReference; explicitFileType = wrapper.application; includeInIndex = 0; path = movieSearch.app; sourceTree = BUILT_PRODUCTS_DIR; };
		F7E804E12329D62C002C03E9 /* AppDelegate.h */ = {isa = PBXFileReference; lastKnownFileType = sourcecode.c.h; path = AppDelegate.h; sourceTree = "<group>"; };
		F7E804E22329D62C002C03E9 /* AppDelegate.m */ = {isa = PBXFileReference; lastKnownFileType = sourcecode.c.objc; path = AppDelegate.m; sourceTree = "<group>"; };
		F7E804E42329D62C002C03E9 /* ViewController.h */ = {isa = PBXFileReference; lastKnownFileType = sourcecode.c.h; path = ViewController.h; sourceTree = "<group>"; };
		F7E804E52329D62C002C03E9 /* ViewController.m */ = {isa = PBXFileReference; lastKnownFileType = sourcecode.c.objc; path = ViewController.m; sourceTree = "<group>"; };
		F7E804E82329D62C002C03E9 /* Base */ = {isa = PBXFileReference; lastKnownFileType = file.storyboard; name = Base; path = Base.lproj/Main.storyboard; sourceTree = "<group>"; };
		F7E804EA2329D630002C03E9 /* Assets.xcassets */ = {isa = PBXFileReference; lastKnownFileType = folder.assetcatalog; path = Assets.xcassets; sourceTree = "<group>"; };
		F7E804ED2329D630002C03E9 /* Base */ = {isa = PBXFileReference; lastKnownFileType = file.storyboard; name = Base; path = Base.lproj/LaunchScreen.storyboard; sourceTree = "<group>"; };
		F7E804EF2329D630002C03E9 /* Info.plist */ = {isa = PBXFileReference; lastKnownFileType = text.plist.xml; path = Info.plist; sourceTree = "<group>"; };
		F7E804F02329D630002C03E9 /* main.m */ = {isa = PBXFileReference; lastKnownFileType = sourcecode.c.objc; path = main.m; sourceTree = "<group>"; };
		F7E804F62329D631002C03E9 /* movieSearchTests.xctest */ = {isa = PBXFileReference; explicitFileType = wrapper.cfbundle; includeInIndex = 0; path = movieSearchTests.xctest; sourceTree = BUILT_PRODUCTS_DIR; };
		F7E804FA2329D631002C03E9 /* movieSearchTests.m */ = {isa = PBXFileReference; lastKnownFileType = sourcecode.c.objc; path = movieSearchTests.m; sourceTree = "<group>"; };
		F7E804FC2329D631002C03E9 /* Info.plist */ = {isa = PBXFileReference; lastKnownFileType = text.plist.xml; path = Info.plist; sourceTree = "<group>"; };
		F7E805012329D631002C03E9 /* movieSearchUITests.xctest */ = {isa = PBXFileReference; explicitFileType = wrapper.cfbundle; includeInIndex = 0; path = movieSearchUITests.xctest; sourceTree = BUILT_PRODUCTS_DIR; };
		F7E805052329D631002C03E9 /* movieSearchUITests.m */ = {isa = PBXFileReference; lastKnownFileType = sourcecode.c.objc; path = movieSearchUITests.m; sourceTree = "<group>"; };
		F7E805072329D631002C03E9 /* Info.plist */ = {isa = PBXFileReference; lastKnownFileType = text.plist.xml; path = Info.plist; sourceTree = "<group>"; };
		F7E805162329DFA1002C03E9 /* TableViewCell.h */ = {isa = PBXFileReference; lastKnownFileType = sourcecode.c.h; path = TableViewCell.h; sourceTree = "<group>"; };
		F7E805172329DFA1002C03E9 /* TableViewCell.m */ = {isa = PBXFileReference; lastKnownFileType = sourcecode.c.objc; path = TableViewCell.m; sourceTree = "<group>"; };
		F7E805182329DFA1002C03E9 /* TableViewCell.xib */ = {isa = PBXFileReference; lastKnownFileType = file.xib; path = TableViewCell.xib; sourceTree = "<group>"; };
/* End PBXFileReference section */

/* Begin PBXFrameworksBuildPhase section */
		F7E804DB2329D62C002C03E9 /* Frameworks */ = {
			isa = PBXFrameworksBuildPhase;
			buildActionMask = 2147483647;
			files = (
			);
			runOnlyForDeploymentPostprocessing = 0;
		};
		F7E804F32329D631002C03E9 /* Frameworks */ = {
			isa = PBXFrameworksBuildPhase;
			buildActionMask = 2147483647;
			files = (
			);
			runOnlyForDeploymentPostprocessing = 0;
		};
		F7E804FE2329D631002C03E9 /* Frameworks */ = {
			isa = PBXFrameworksBuildPhase;
			buildActionMask = 2147483647;
			files = (
			);
			runOnlyForDeploymentPostprocessing = 0;
		};
/* End PBXFrameworksBuildPhase section */

/* Begin PBXGroup section */
		F7E804D52329D62C002C03E9 = {
			isa = PBXGroup;
			children = (
				F7E804E02329D62C002C03E9 /* movieSearch */,
				F7E804F92329D631002C03E9 /* movieSearchTests */,
				F7E805042329D631002C03E9 /* movieSearchUITests */,
				F7E804DF2329D62C002C03E9 /* Products */,
			);
			sourceTree = "<group>";
		};
		F7E804DF2329D62C002C03E9 /* Products */ = {
			isa = PBXGroup;
			children = (
				F7E804DE2329D62C002C03E9 /* movieSearch.app */,
				F7E804F62329D631002C03E9 /* movieSearchTests.xctest */,
				F7E805012329D631002C03E9 /* movieSearchUITests.xctest */,
			);
			name = Products;
			sourceTree = "<group>";
		};
		F7E804E02329D62C002C03E9 /* movieSearch */ = {
			isa = PBXGroup;
			children = (
				F7E8051C2329E075002C03E9 /* Model */,
				F7E8051B2329E04D002C03E9 /* View */,
				F7E805152329DD79002C03E9 /* ViewController */,
				F7E804E12329D62C002C03E9 /* AppDelegate.h */,
				F7E804E22329D62C002C03E9 /* AppDelegate.m */,
				F7E804EA2329D630002C03E9 /* Assets.xcassets */,
				F7E804EC2329D630002C03E9 /* LaunchScreen.storyboard */,
				F7E804EF2329D630002C03E9 /* Info.plist */,
				F7E804F02329D630002C03E9 /* main.m */,
			);
			path = movieSearch;
			sourceTree = "<group>";
		};
		F7E804F92329D631002C03E9 /* movieSearchTests */ = {
			isa = PBXGroup;
			children = (
				F7E804FA2329D631002C03E9 /* movieSearchTests.m */,
				F7E804FC2329D631002C03E9 /* Info.plist */,
			);
			path = movieSearchTests;
			sourceTree = "<group>";
		};
		F7E805042329D631002C03E9 /* movieSearchUITests */ = {
			isa = PBXGroup;
			children = (
				F7E805052329D631002C03E9 /* movieSearchUITests.m */,
				F7E805072329D631002C03E9 /* Info.plist */,
			);
			path = movieSearchUITests;
			sourceTree = "<group>";
		};
		F7E805152329DD79002C03E9 /* ViewController */ = {
			isa = PBXGroup;
			children = (
				F7E804E42329D62C002C03E9 /* ViewController.h */,
				F7E804E52329D62C002C03E9 /* ViewController.m */,
				F7E804E72329D62C002C03E9 /* Main.storyboard */,
			);
			path = ViewController;
			sourceTree = "<group>";
		};
		F7E8051B2329E04D002C03E9 /* View */ = {
			isa = PBXGroup;
			children = (
				F7E805162329DFA1002C03E9 /* TableViewCell.h */,
				F7E805172329DFA1002C03E9 /* TableViewCell.m */,
				F7E805182329DFA1002C03E9 /* TableViewCell.xib */,
			);
			path = View;
			sourceTree = "<group>";
		};
		F7E8051C2329E075002C03E9 /* Model */ = {
			isa = PBXGroup;
			children = (
			);
			path = Model;
			sourceTree = "<group>";
		};
/* End PBXGroup section */

/* Begin PBXNativeTarget section */
		F7E804DD2329D62C002C03E9 /* movieSearch */ = {
			isa = PBXNativeTarget;
			buildConfigurationList = F7E8050A2329D631002C03E9 /* Build configuration list for PBXNativeTarget "movieSearch" */;
			buildPhases = (
				F7E804DA2329D62C002C03E9 /* Sources */,
				F7E804DB2329D62C002C03E9 /* Frameworks */,
				F7E804DC2329D62C002C03E9 /* Resources */,
			);
			buildRules = (
			);
			dependencies = (
			);
			name = movieSearch;
			productName = movieSearch;
			productReference = F7E804DE2329D62C002C03E9 /* movieSearch.app */;
			productType = "com.apple.product-type.application";
		};
		F7E804F52329D631002C03E9 /* movieSearchTests */ = {
			isa = PBXNativeTarget;
			buildConfigurationList = F7E8050D2329D631002C03E9 /* Build configuration list for PBXNativeTarget "movieSearchTests" */;
			buildPhases = (
				F7E804F22329D631002C03E9 /* Sources */,
				F7E804F32329D631002C03E9 /* Frameworks */,
				F7E804F42329D631002C03E9 /* Resources */,
			);
			buildRules = (
			);
			dependencies = (
				F7E804F82329D631002C03E9 /* PBXTargetDependency */,
			);
			name = movieSearchTests;
			productName = movieSearchTests;
			productReference = F7E804F62329D631002C03E9 /* movieSearchTests.xctest */;
			productType = "com.apple.product-type.bundle.unit-test";
		};
		F7E805002329D631002C03E9 /* movieSearchUITests */ = {
			isa = PBXNativeTarget;
			buildConfigurationList = F7E805102329D631002C03E9 /* Build configuration list for PBXNativeTarget "movieSearchUITests" */;
			buildPhases = (
				F7E804FD2329D631002C03E9 /* Sources */,
				F7E804FE2329D631002C03E9 /* Frameworks */,
				F7E804FF2329D631002C03E9 /* Resources */,
			);
			buildRules = (
			);
			dependencies = (
				F7E805032329D631002C03E9 /* PBXTargetDependency */,
			);
			name = movieSearchUITests;
			productName = movieSearchUITests;
			productReference = F7E805012329D631002C03E9 /* movieSearchUITests.xctest */;
			productType = "com.apple.product-type.bundle.ui-testing";
		};
/* End PBXNativeTarget section */

/* Begin PBXProject section */
		F7E804D62329D62C002C03E9 /* Project object */ = {
			isa = PBXProject;
			attributes = {
				LastUpgradeCheck = 1030;
				ORGANIZATIONNAME = AXL;
				TargetAttributes = {
					F7E804DD2329D62C002C03E9 = {
						CreatedOnToolsVersion = 10.3;
					};
					F7E804F52329D631002C03E9 = {
						CreatedOnToolsVersion = 10.3;
						TestTargetID = F7E804DD2329D62C002C03E9;
					};
					F7E805002329D631002C03E9 = {
						CreatedOnToolsVersion = 10.3;
						TestTargetID = F7E804DD2329D62C002C03E9;
					};
				};
			};
			buildConfigurationList = F7E804D92329D62C002C03E9 /* Build configuration list for PBXProject "movieSearch" */;
			compatibilityVersion = "Xcode 9.3";
			developmentRegion = en;
			hasScannedForEncodings = 0;
			knownRegions = (
				en,
				Base,
			);
			mainGroup = F7E804D52329D62C002C03E9;
			productRefGroup = F7E804DF2329D62C002C03E9 /* Products */;
			projectDirPath = "";
			projectRoot = "";
			targets = (
				F7E804DD2329D62C002C03E9 /* movieSearch */,
				F7E804F52329D631002C03E9 /* movieSearchTests */,
				F7E805002329D631002C03E9 /* movieSearchUITests */,
			);
		};
/* End PBXProject section */

/* Begin PBXResourcesBuildPhase section */
		F7E804DC2329D62C002C03E9 /* Resources */ = {
			isa = PBXResourcesBuildPhase;
			buildActionMask = 2147483647;
			files = (
				F7E804EE2329D630002C03E9 /* LaunchScreen.storyboard in Resources */,
				F7E8051A2329DFA1002C03E9 /* TableViewCell.xib in Resources */,
				F7E804EB2329D630002C03E9 /* Assets.xcassets in Resources */,
				F7E804E92329D62C002C03E9 /* Main.storyboard in Resources */,
			);
			runOnlyForDeploymentPostprocessing = 0;
		};
		F7E804F42329D631002C03E9 /* Resources */ = {
			isa = PBXResourcesBuildPhase;
			buildActionMask = 2147483647;
			files = (
			);
			runOnlyForDeploymentPostprocessing = 0;
		};
		F7E804FF2329D631002C03E9 /* Resources */ = {
			isa = PBXResourcesBuildPhase;
			buildActionMask = 2147483647;
			files = (
			);
			runOnlyForDeploymentPostprocessing = 0;
		};
/* End PBXResourcesBuildPhase section */

/* Begin PBXSourcesBuildPhase section */
		F7E804DA2329D62C002C03E9 /* Sources */ = {
			isa = PBXSourcesBuildPhase;
			buildActionMask = 2147483647;
			files = (
				F7E804E62329D62C002C03E9 /* ViewController.m in Sources */,
				F7E805192329DFA1002C03E9 /* TableViewCell.m in Sources */,
				F7E804F12329D630002C03E9 /* main.m in Sources */,
				F7E804E32329D62C002C03E9 /* AppDelegate.m in Sources */,
			);
			runOnlyForDeploymentPostprocessing = 0;
		};
		F7E804F22329D631002C03E9 /* Sources */ = {
			isa = PBXSourcesBuildPhase;
			buildActionMask = 2147483647;
			files = (
				F7E804FB2329D631002C03E9 /* movieSearchTests.m in Sources */,
			);
			runOnlyForDeploymentPostprocessing = 0;
		};
		F7E804FD2329D631002C03E9 /* Sources */ = {
			isa = PBXSourcesBuildPhase;
			buildActionMask = 2147483647;
			files = (
				F7E805062329D631002C03E9 /* movieSearchUITests.m in Sources */,
			);
			runOnlyForDeploymentPostprocessing = 0;
		};
/* End PBXSourcesBuildPhase section */

/* Begin PBXTargetDependency section */
		F7E804F82329D631002C03E9 /* PBXTargetDependency */ = {
			isa = PBXTargetDependency;
			target = F7E804DD2329D62C002C03E9 /* movieSearch */;
			targetProxy = F7E804F72329D631002C03E9 /* PBXContainerItemProxy */;
		};
		F7E805032329D631002C03E9 /* PBXTargetDependency */ = {
			isa = PBXTargetDependency;
			target = F7E804DD2329D62C002C03E9 /* movieSearch */;
			targetProxy = F7E805022329D631002C03E9 /* PBXContainerItemProxy */;
		};
/* End PBXTargetDependency section */

/* Begin PBXVariantGroup section */
		F7E804E72329D62C002C03E9 /* Main.storyboard */ = {
			isa = PBXVariantGroup;
			children = (
				F7E804E82329D62C002C03E9 /* Base */,
			);
			name = Main.storyboard;
			sourceTree = "<group>";
		};
		F7E804EC2329D630002C03E9 /* LaunchScreen.storyboard */ = {
			isa = PBXVariantGroup;
			children = (
				F7E804ED2329D630002C03E9 /* Base */,
			);
			name = LaunchScreen.storyboard;
			sourceTree = "<group>";
		};
/* End PBXVariantGroup section */

/* Begin XCBuildConfiguration section */
		F7E805082329D631002C03E9 /* Debug */ = {
			isa = XCBuildConfiguration;
			buildSettings = {
				ALWAYS_SEARCH_USER_PATHS = NO;
				CLANG_ANALYZER_NONNULL = YES;
				CLANG_ANALYZER_NUMBER_OBJECT_CONVERSION = YES_AGGRESSIVE;
				CLANG_CXX_LANGUAGE_STANDARD = "gnu++14";
				CLANG_CXX_LIBRARY = "libc++";
				CLANG_ENABLE_MODULES = YES;
				CLANG_ENABLE_OBJC_ARC = YES;
				CLANG_ENABLE_OBJC_WEAK = YES;
				CLANG_WARN_BLOCK_CAPTURE_AUTORELEASING = YES;
				CLANG_WARN_BOOL_CONVERSION = YES;
				CLANG_WARN_COMMA = YES;
				CLANG_WARN_CONSTANT_CONVERSION = YES;
				CLANG_WARN_DEPRECATED_OBJC_IMPLEMENTATIONS = YES;
				CLANG_WARN_DIRECT_OBJC_ISA_USAGE = YES_ERROR;
				CLANG_WARN_DOCUMENTATION_COMMENTS = YES;
				CLANG_WARN_EMPTY_BODY = YES;
				CLANG_WARN_ENUM_CONVERSION = YES;
				CLANG_WARN_INFINITE_RECURSION = YES;
				CLANG_WARN_INT_CONVERSION = YES;
				CLANG_WARN_NON_LITERAL_NULL_CONVERSION = YES;
				CLANG_WARN_OBJC_IMPLICIT_RETAIN_SELF = YES;
				CLANG_WARN_OBJC_LITERAL_CONVERSION = YES;
				CLANG_WARN_OBJC_ROOT_CLASS = YES_ERROR;
				CLANG_WARN_RANGE_LOOP_ANALYSIS = YES;
				CLANG_WARN_STRICT_PROTOTYPES = YES;
				CLANG_WARN_SUSPICIOUS_MOVE = YES;
				CLANG_WARN_UNGUARDED_AVAILABILITY = YES_AGGRESSIVE;
				CLANG_WARN_UNREACHABLE_CODE = YES;
				CLANG_WARN__DUPLICATE_METHOD_MATCH = YES;
				CODE_SIGN_IDENTITY = "iPhone Developer";
				COPY_PHASE_STRIP = NO;
				DEBUG_INFORMATION_FORMAT = dwarf;
				ENABLE_STRICT_OBJC_MSGSEND = YES;
				ENABLE_TESTABILITY = YES;
				GCC_C_LANGUAGE_STANDARD = gnu11;
				GCC_DYNAMIC_NO_PIC = NO;
				GCC_NO_COMMON_BLOCKS = YES;
				GCC_OPTIMIZATION_LEVEL = 0;
				GCC_PREPROCESSOR_DEFINITIONS = (
					"DEBUG=1",
					"$(inherited)",
				);
				GCC_WARN_64_TO_32_BIT_CONVERSION = YES;
				GCC_WARN_ABOUT_RETURN_TYPE = YES_ERROR;
				GCC_WARN_UNDECLARED_SELECTOR = YES;
				GCC_WARN_UNINITIALIZED_AUTOS = YES_AGGRESSIVE;
				GCC_WARN_UNUSED_FUNCTION = YES;
				GCC_WARN_UNUSED_VARIABLE = YES;
				IPHONEOS_DEPLOYMENT_TARGET = 12.4;
				MTL_ENABLE_DEBUG_INFO = INCLUDE_SOURCE;
				MTL_FAST_MATH = YES;
				ONLY_ACTIVE_ARCH = YES;
				SDKROOT = iphoneos;
			};
			name = Debug;
		};
		F7E805092329D631002C03E9 /* Release */ = {
			isa = XCBuildConfiguration;
			buildSettings = {
				ALWAYS_SEARCH_USER_PATHS = NO;
				CLANG_ANALYZER_NONNULL = YES;
				CLANG_ANALYZER_NUMBER_OBJECT_CONVERSION = YES_AGGRESSIVE;
				CLANG_CXX_LANGUAGE_STANDARD = "gnu++14";
				CLANG_CXX_LIBRARY = "libc++";
				CLANG_ENABLE_MODULES = YES;
				CLANG_ENABLE_OBJC_ARC = YES;
				CLANG_ENABLE_OBJC_WEAK = YES;
				CLANG_WARN_BLOCK_CAPTURE_AUTORELEASING = YES;
				CLANG_WARN_BOOL_CONVERSION = YES;
				CLANG_WARN_COMMA = YES;
				CLANG_WARN_CONSTANT_CONVERSION = YES;
				CLANG_WARN_DEPRECATED_OBJC_IMPLEMENTATIONS = YES;
				CLANG_WARN_DIRECT_OBJC_ISA_USAGE = YES_ERROR;
				CLANG_WARN_DOCUMENTATION_COMMENTS = YES;
				CLANG_WARN_EMPTY_BODY = YES;
				CLANG_WARN_ENUM_CONVERSION = YES;
				CLANG_WARN_INFINITE_RECURSION = YES;
				CLANG_WARN_INT_CONVERSION = YES;
				CLANG_WARN_NON_LITERAL_NULL_CONVERSION = YES;
				CLANG_WARN_OBJC_IMPLICIT_RETAIN_SELF = YES;
				CLANG_WARN_OBJC_LITERAL_CONVERSION = YES;
				CLANG_WARN_OBJC_ROOT_CLASS = YES_ERROR;
				CLANG_WARN_RANGE_LOOP_ANALYSIS = YES;
				CLANG_WARN_STRICT_PROTOTYPES = YES;
				CLANG_WARN_SUSPICIOUS_MOVE = YES;
				CLANG_WARN_UNGUARDED_AVAILABILITY = YES_AGGRESSIVE;
				CLANG_WARN_UNREACHABLE_CODE = YES;
				CLANG_WARN__DUPLICATE_METHOD_MATCH = YES;
				CODE_SIGN_IDENTITY = "iPhone Developer";
				COPY_PHASE_STRIP = NO;
				DEBUG_INFORMATION_FORMAT = "dwarf-with-dsym";
				ENABLE_NS_ASSERTIONS = NO;
				ENABLE_STRICT_OBJC_MSGSEND = YES;
				GCC_C_LANGUAGE_STANDARD = gnu11;
				GCC_NO_COMMON_BLOCKS = YES;
				GCC_WARN_64_TO_32_BIT_CONVERSION = YES;
				GCC_WARN_ABOUT_RETURN_TYPE = YES_ERROR;
				GCC_WARN_UNDECLARED_SELECTOR = YES;
				GCC_WARN_UNINITIALIZED_AUTOS = YES_AGGRESSIVE;
				GCC_WARN_UNUSED_FUNCTION = YES;
				GCC_WARN_UNUSED_VARIABLE = YES;
				IPHONEOS_DEPLOYMENT_TARGET = 12.4;
				MTL_ENABLE_DEBUG_INFO = NO;
				MTL_FAST_MATH = YES;
				SDKROOT = iphoneos;
				VALIDATE_PRODUCT = YES;
			};
			name = Release;
		};
		F7E8050B2329D631002C03E9 /* Debug */ = {
			isa = XCBuildConfiguration;
			buildSettings = {
				ASSETCATALOG_COMPILER_APPICON_NAME = AppIcon;
				CODE_SIGN_STYLE = Automatic;
				DEVELOPMENT_TEAM = HR665SDM86;
				INFOPLIST_FILE = movieSearch/Info.plist;
				LD_RUNPATH_SEARCH_PATHS = (
					"$(inherited)",
					"@executable_path/Frameworks",
				);
				PRODUCT_BUNDLE_IDENTIFIER = XinruiLu.movieSearch;
				PRODUCT_NAME = "$(TARGET_NAME)";
				TARGETED_DEVICE_FAMILY = "1,2";
			};
			name = Debug;
		};
		F7E8050C2329D631002C03E9 /* Release */ = {
			isa = XCBuildConfiguration;
			buildSettings = {
				ASSETCATALOG_COMPILER_APPICON_NAME = AppIcon;
				CODE_SIGN_STYLE = Automatic;
				DEVELOPMENT_TEAM = HR665SDM86;
				INFOPLIST_FILE = movieSearch/Info.plist;
				LD_RUNPATH_SEARCH_PATHS = (
					"$(inherited)",
					"@executable_path/Frameworks",
				);
				PRODUCT_BUNDLE_IDENTIFIER = XinruiLu.movieSearch;
				PRODUCT_NAME = "$(TARGET_NAME)";
				TARGETED_DEVICE_FAMILY = "1,2";
			};
			name = Release;
		};
		F7E8050E2329D631002C03E9 /* Debug */ = {
			isa = XCBuildConfiguration;
			buildSettings = {
				BUNDLE_LOADER = "$(TEST_HOST)";
				CODE_SIGN_STYLE = Automatic;
				DEVELOPMENT_TEAM = HR665SDM86;
				INFOPLIST_FILE = movieSearchTests/Info.plist;
				LD_RUNPATH_SEARCH_PATHS = (
					"$(inherited)",
					"@executable_path/Frameworks",
					"@loader_path/Frameworks",
				);
				PRODUCT_BUNDLE_IDENTIFIER = XinruiLu.movieSearchTests;
				PRODUCT_NAME = "$(TARGET_NAME)";
				TARGETED_DEVICE_FAMILY = "1,2";
				TEST_HOST = "$(BUILT_PRODUCTS_DIR)/movieSearch.app/movieSearch";
			};
			name = Debug;
		};
		F7E8050F2329D631002C03E9 /* Release */ = {
			isa = XCBuildConfiguration;
			buildSettings = {
				BUNDLE_LOADER = "$(TEST_HOST)";
				CODE_SIGN_STYLE = Automatic;
				DEVELOPMENT_TEAM = HR665SDM86;
				INFOPLIST_FILE = movieSearchTests/Info.plist;
				LD_RUNPATH_SEARCH_PATHS = (
					"$(inherited)",
					"@executable_path/Frameworks",
					"@loader_path/Frameworks",
				);
				PRODUCT_BUNDLE_IDENTIFIER = XinruiLu.movieSearchTests;
				PRODUCT_NAME = "$(TARGET_NAME)";
				TARGETED_DEVICE_FAMILY = "1,2";
				TEST_HOST = "$(BUILT_PRODUCTS_DIR)/movieSearch.app/movieSearch";
			};
			name = Release;
		};
		F7E805112329D631002C03E9 /* Debug */ = {
			isa = XCBuildConfiguration;
			buildSettings = {
				CODE_SIGN_STYLE = Automatic;
				DEVELOPMENT_TEAM = HR665SDM86;
				INFOPLIST_FILE = movieSearchUITests/Info.plist;
				LD_RUNPATH_SEARCH_PATHS = (
					"$(inherited)",
					"@executable_path/Frameworks",
					"@loader_path/Frameworks",
				);
				PRODUCT_BUNDLE_IDENTIFIER = XinruiLu.movieSearchUITests;
				PRODUCT_NAME = "$(TARGET_NAME)";
				TARGETED_DEVICE_FAMILY = "1,2";
				TEST_TARGET_NAME = movieSearch;
			};
			name = Debug;
		};
		F7E805122329D631002C03E9 /* Release */ = {
			isa = XCBuildConfiguration;
			buildSettings = {
				CODE_SIGN_STYLE = Automatic;
				DEVELOPMENT_TEAM = HR665SDM86;
				INFOPLIST_FILE = movieSearchUITests/Info.plist;
				LD_RUNPATH_SEARCH_PATHS = (
					"$(inherited)",
					"@executable_path/Frameworks",
					"@loader_path/Frameworks",
				);
				PRODUCT_BUNDLE_IDENTIFIER = XinruiLu.movieSearchUITests;
				PRODUCT_NAME = "$(TARGET_NAME)";
				TARGETED_DEVICE_FAMILY = "1,2";
				TEST_TARGET_NAME = movieSearch;
			};
			name = Release;
		};
/* End XCBuildConfiguration section */

/* Begin XCConfigurationList section */
		F7E804D92329D62C002C03E9 /* Build configuration list for PBXProject "movieSearch" */ = {
			isa = XCConfigurationList;
			buildConfigurations = (
				F7E805082329D631002C03E9 /* Debug */,
				F7E805092329D631002C03E9 /* Release */,
			);
			defaultConfigurationIsVisible = 0;
			defaultConfigurationName = Release;
		};
		F7E8050A2329D631002C03E9 /* Build configuration list for PBXNativeTarget "movieSearch" */ = {
			isa = XCConfigurationList;
			buildConfigurations = (
				F7E8050B2329D631002C03E9 /* Debug */,
				F7E8050C2329D631002C03E9 /* Release */,
			);
			defaultConfigurationIsVisible = 0;
			defaultConfigurationName = Release;
		};
		F7E8050D2329D631002C03E9 /* Build configuration list for PBXNativeTarget "movieSearchTests" */ = {
			isa = XCConfigurationList;
			buildConfigurations = (
				F7E8050E2329D631002C03E9 /* Debug */,
				F7E8050F2329D631002C03E9 /* Release */,
			);
			defaultConfigurationIsVisible = 0;
			defaultConfigurationName = Release;
		};
		F7E805102329D631002C03E9 /* Build configuration list for PBXNativeTarget "movieSearchUITests" */ = {
			isa = XCConfigurationList;
			buildConfigurations = (
				F7E805112329D631002C03E9 /* Debug */,
				F7E805122329D631002C03E9 /* Release */,
			);
			defaultConfigurationIsVisible = 0;
			defaultConfigurationName = Release;
		};
/* End XCConfigurationList section */
	};
	rootObject = F7E804D62329D62C002C03E9 /* Project object */;
}
